[[package]]
name = "bridge_fungible_token"
source = "member"
dependencies = [
    "contract_message_receiver",
    "interface",
    "standards git+https://github.com/FuelLabs/sway-standards?tag=v0.6.3#6ffb53d649b9799acda6d03c3ed82706daaafe7d",
    "std",
    "sway_libs",
]

[[package]]
name = "contract_message_receiver"
source = "member"
dependencies = ["std"]

[[package]]
name = "core"
source = "path+from-root-DD4F12EBC39CAB5B"

[[package]]
name = "interface"
source = "member"
dependencies = ["std"]

[[package]]
name = "interfaces"
source = "member"
dependencies = ["std"]

[[package]]
name = "math"
source = "member"
dependencies = [
    "interfaces",
    "std",
    "utils",
]

[[package]]
name = "mira_amm_contract"
source = "member"
dependencies = [
    "interfaces",
    "math",
    "standards git+https://github.com/FuelLabs/sway-standards?tag=v0.6.3#6ffb53d649b9799acda6d03c3ed82706daaafe7d",
    "std",
    "sway_libs",
    "utils",
]

[[package]]
name = "standards"
source = "git+https://github.com/FuelLabs/sway-standards?tag=v0.6.0#65e09f95ea8b9476b171a66c8a47108f352fa32c"
dependencies = ["std"]

[[package]]
name = "standards"
source = "git+https://github.com/FuelLabs/sway-standards?tag=v0.6.3#6ffb53d649b9799acda6d03c3ed82706daaafe7d"
dependencies = ["std"]

[[package]]
name = "std"
source = "git+https://github.com/fuellabs/sway?tag=v0.66.7#5ed7cec6dbcd42f0c2f84df8511a4c0007b1902e"
dependencies = ["core"]

[[package]]
name = "sway_libs"
source = "git+https://github.com/FuelLabs/sway-libs?tag=v0.24.2#55d503c50281e775655e00282064e629f357dcfc"
dependencies = [
    "standards git+https://github.com/FuelLabs/sway-standards?tag=v0.6.0#65e09f95ea8b9476b171a66c8a47108f352fa32c",
    "std",
]

[[package]]
name = "utils"
source = "member"
dependencies = [
    "interfaces",
    "standards git+https://github.com/FuelLabs/sway-standards?tag=v0.6.3#6ffb53d649b9799acda6d03c3ed82706daaafe7d",
    "std",
    "sway_libs",
]
